<Solution>
  <Folder Name="/Solution Items/">
    <File Path=".editorconfig" />
    <File Path=".gitignore" />
    <File Path="Directory.Build.props" />
    <File Path="Directory.Packages.props" />
    <File Path="README.md" />
  </Folder>
  <Folder Name="/src/">
    <Project Path="src/PaulTechGuy.CN.Domain/PaulTechGuy.CN.Domain.csproj" />
    <Project Path="src/PaulTechGuy.CN.Abstractions/PaulTechGuy.CN.Abstractions.csproj" />
    <Project Path="src/PaulTechGuy.CN.FileSystem/PaulTechGuy.CN.FileSystem.csproj" />
    <Project Path="src/PaulTechGuy.CN.Metadata/PaulTechGuy.CN.Metadata.csproj" />
    <Project Path="src/PaulTechGuy.CN.Rules/PaulTechGuy.CN.Rules.csproj" />
    <Project Path="src/PaulTechGuy.CN.Journal/PaulTechGuy.CN.Journal.csproj" />
    <Project Path="src/PaulTechGuy.CN.Repositories/PaulTechGuy.CN.Repositories.csproj" />
    <Project Path="src/PaulTechGuy.CN.Services/PaulTechGuy.CN.Services.csproj" />
    <Project Path="src/PaulTechGuy.CN.App/PaulTechGuy.CN.App.csproj" />
  </Folder>
  <Folder Name="/tests/">
    <Project Path="tests/PaulTechGuy.CN.Rules.Tests/PaulTechGuy.CN.Rules.Tests.csproj" />
    <Project Path="tests/PaulTechGuy.CN.FileSystem.Tests/PaulTechGuy.CN.FileSystem.Tests.csproj" />
    <Project Path="tests/PaulTechGuy.CN.Journal.Tests/PaulTechGuy.CN.Journal.Tests.csproj" />
    <Project Path="tests/PaulTechGuy.CN.Services.Tests/PaulTechGuy.CN.Services.Tests.csproj" />
    <Project Path="tests/PaulTechGuy.CN.Metadata.Tests/PaulTechGuy.CN.Metadata.Tests.csproj" />
  </Folder>
</Solution>
